{
  "version": 4,
  "terraform_version": "1.5.7",
  "serial": 26,
  "lineage": "4612c942-1167-ccf2-da3c-19c0c3703979",
  "outputs": {},
  "resources": [
    {
      "mode": "managed",
      "type": "google_artifact_registry_repository",
      "name": "anp_repo_etl",
      "provider": "provider[\"registry.terraform.io/hashicorp/google\"]",
      "instances": [
        {
          "schema_version": 0,
          "attributes": {
            "cleanup_policies": [],
            "cleanup_policy_dry_run": false,
            "create_time": "2025-07-22T16:46:35.706107Z",
            "description": "Repositório de artefatos para o projeto ANP",
            "docker_config": [],
            "effective_labels": {
              "goog-terraform-provisioned": "true"
            },
            "format": "DOCKER",
            "id": "projects/labs-vibra-final/locations/us-central1/repositories/ar-juridico-process-notebooks",
            "kms_key_name": "",
            "labels": {},
            "location": "us-central1",
            "maven_config": [],
            "mode": "STANDARD_REPOSITORY",
            "name": "ar-juridico-process-notebooks",
            "project": "labs-vibra-final",
            "remote_repository_config": [],
            "repository_id": "ar-juridico-process-notebooks",
            "terraform_labels": {
              "goog-terraform-provisioned": "true"
            },
            "timeouts": null,
            "update_time": "2025-07-22T16:57:22.853425Z",
            "virtual_repository_config": [],
            "vulnerability_scanning_config": [
              {
                "enablement_config": "",
                "enablement_state": "SCANNING_DISABLED",
                "enablement_state_reason": "API containerscanning.googleapis.com is not enabled."
              }
            ]
          },
          "sensitive_attributes": [],
          "private": "eyJlMmJmYjczMC1lY2FhLTExZTYtOGY4OC0zNDM2M2JjN2M0YzAiOnsiY3JlYXRlIjoxMjAwMDAwMDAwMDAwLCJkZWxldGUiOjEyMDAwMDAwMDAwMDAsInVwZGF0ZSI6MTIwMDAwMDAwMDAwMH19"
        }
      ]
    },
    {
      "mode": "managed",
      "type": "google_cloud_run_v2_job",
      "name": "anp_agentes_regulados_simp",
      "provider": "provider[\"registry.terraform.io/hashicorp/google\"]",
      "instances": [
        {
          "schema_version": 0,
          "attributes": {
            "annotations": null,
            "binary_authorization": [],
            "client": "",
            "client_version": "",
            "conditions": [],
            "create_time": "2025-07-22T16:57:36.342831Z",
            "creator": "danielbessa01@gmail.com",
            "delete_time": "",
            "deletion_protection": true,
            "effective_annotations": {},
            "effective_labels": {
              "goog-terraform-provisioned": "true"
            },
            "etag": "\"CICG_8MGEJjfvKMB/cHJvamVjdHMvbGFicy12aWJyYS1maW5hbC9sb2NhdGlvbnMvdXMtY2VudHJhbDEvam9icy9jci1qdXJpZGljby1ldGwtYWdlbnRlcy1yZWd1bGFkb3Mtc2ltcC1kZXY\"",
            "execution_count": 0,
            "expire_time": "",
            "generation": "1",
            "id": "projects/labs-vibra-final/locations/us-central1/jobs/cr-juridico-etl-agentes-regulados-simp-dev",
            "labels": null,
            "last_modifier": "danielbessa01@gmail.com",
            "latest_created_execution": [],
            "launch_stage": "GA",
            "location": "us-central1",
            "name": "cr-juridico-etl-agentes-regulados-simp-dev",
            "observed_generation": "1",
            "project": "labs-vibra-final",
            "reconciling": false,
            "template": [
              {
                "annotations": null,
                "labels": null,
                "parallelism": 0,
                "task_count": 1,
                "template": [
                  {
                    "containers": [
                      {
                        "args": null,
                        "command": null,
                        "depends_on": null,
                        "env": [
                          {
                            "name": "NOTEBOOK_TO_BE_EXECUTED",
                            "value": "gs://vibra-dtan-juridico-anp-input/notebooks/rw_ext_anp_dados_agentes.ipynb",
                            "value_source": []
                          }
                        ],
                        "image": "us-central1-docker.pkg.dev/labs-vibra-final/ar-juridico-process-notebooks/run-notebook-api:latest",
                        "name": "",
                        "ports": [],
                        "resources": [
                          {
                            "limits": {
                              "cpu": "2",
                              "memory": "1024Mi"
                            }
                          }
                        ],
                        "startup_probe": [],
                        "volume_mounts": [],
                        "working_dir": ""
                      }
                    ],
                    "encryption_key": "",
                    "execution_environment": "EXECUTION_ENVIRONMENT_GEN2",
                    "max_retries": 3,
                    "service_account": "gcp-agent@labs-vibra-final.iam.gserviceaccount.com",
                    "timeout": "600s",
                    "volumes": [],
                    "vpc_access": []
                  }
                ]
              }
            ],
            "terminal_condition": [
              {
                "execution_reason": "",
                "last_transition_time": "2025-07-22T16:57:36.813206Z",
                "message": "",
                "reason": "",
                "revision_reason": "",
                "severity": "",
                "state": "CONDITION_SUCCEEDED",
                "type": "Ready"
              }
            ],
            "terraform_labels": {
              "goog-terraform-provisioned": "true"
            },
            "timeouts": null,
            "uid": "90d9f2ad-02c7-4e89-bb26-0477a2811f28",
            "update_time": "2025-07-22T16:57:36.342831Z"
          },
          "sensitive_attributes": [],
          "private": "eyJlMmJmYjczMC1lY2FhLTExZTYtOGY4OC0zNDM2M2JjN2M0YzAiOnsiY3JlYXRlIjoxMjAwMDAwMDAwMDAwLCJkZWxldGUiOjEyMDAwMDAwMDAwMDAsInVwZGF0ZSI6MTIwMDAwMDAwMDAwMH19",
          "dependencies": [
            "google_artifact_registry_repository.anp_repo_etl",
            "google_storage_bucket.anp_bucket_etl"
          ]
        }
      ]
    },
    {
      "mode": "managed",
      "type": "google_cloud_run_v2_job",
      "name": "anp_grupos_empresariais",
      "provider": "provider[\"registry.terraform.io/hashicorp/google\"]",
      "instances": [
        {
          "schema_version": 0,
          "attributes": {
            "annotations": null,
            "binary_authorization": [],
            "client": "",
            "client_version": "",
            "conditions": [],
            "create_time": "2025-07-22T16:57:36.265178Z",
            "creator": "danielbessa01@gmail.com",
            "delete_time": "",
            "deletion_protection": true,
            "effective_annotations": {},
            "effective_labels": {
              "goog-terraform-provisioned": "true"
            },
            "etag": "\"CICG_8MGEJCXuX4/cHJvamVjdHMvbGFicy12aWJyYS1maW5hbC9sb2NhdGlvbnMvdXMtY2VudHJhbDEvam9icy9jci1qdXJpZGljby1wcm9jZXNzLWdydXBvcy1lbXByZXNhcmlhaXMtZGV2\"",
            "execution_count": 0,
            "expire_time": "",
            "generation": "1",
            "id": "projects/labs-vibra-final/locations/us-central1/jobs/cr-juridico-process-grupos-empresariais-dev",
            "labels": null,
            "last_modifier": "danielbessa01@gmail.com",
            "latest_created_execution": [],
            "launch_stage": "GA",
            "location": "us-central1",
            "name": "cr-juridico-process-grupos-empresariais-dev",
            "observed_generation": "1",
            "project": "labs-vibra-final",
            "reconciling": false,
            "template": [
              {
                "annotations": null,
                "labels": null,
                "parallelism": 0,
                "task_count": 1,
                "template": [
                  {
                    "containers": [
                      {
                        "args": null,
                        "command": null,
                        "depends_on": null,
                        "env": [
                          {
                            "name": "NOTEBOOK_TO_BE_EXECUTED",
                            "value": "gs://vibra-dtan-juridico-anp-input/notebooks/rf_ext_anp_empresarial_groups.ipynb",
                            "value_source": []
                          }
                        ],
                        "image": "us-central1-docker.pkg.dev/labs-vibra-final/ar-juridico-process-notebooks/run-notebook-api:latest",
                        "name": "",
                        "ports": [],
                        "resources": [
                          {
                            "limits": {
                              "cpu": "2",
                              "memory": "1024Mi"
                            }
                          }
                        ],
                        "startup_probe": [],
                        "volume_mounts": [],
                        "working_dir": ""
                      }
                    ],
                    "encryption_key": "",
                    "execution_environment": "EXECUTION_ENVIRONMENT_GEN2",
                    "max_retries": 3,
                    "service_account": "gcp-agent@labs-vibra-final.iam.gserviceaccount.com",
                    "timeout": "600s",
                    "volumes": [],
                    "vpc_access": []
                  }
                ]
              }
            ],
            "terminal_condition": [
              {
                "execution_reason": "",
                "last_transition_time": "2025-07-22T16:57:36.717667Z",
                "message": "",
                "reason": "",
                "revision_reason": "",
                "severity": "",
                "state": "CONDITION_SUCCEEDED",
                "type": "Ready"
              }
            ],
            "terraform_labels": {
              "goog-terraform-provisioned": "true"
            },
            "timeouts": null,
            "uid": "004df6e5-5419-4f65-bccf-218f1b956080",
            "update_time": "2025-07-22T16:57:36.265178Z"
          },
          "sensitive_attributes": [],
          "private": "eyJlMmJmYjczMC1lY2FhLTExZTYtOGY4OC0zNDM2M2JjN2M0YzAiOnsiY3JlYXRlIjoxMjAwMDAwMDAwMDAwLCJkZWxldGUiOjEyMDAwMDAwMDAwMDAsInVwZGF0ZSI6MTIwMDAwMDAwMDAwMH19",
          "dependencies": [
            "google_artifact_registry_repository.anp_repo_etl",
            "google_storage_bucket.anp_bucket_etl"
          ]
        }
      ]
    },
    {
      "mode": "managed",
      "type": "google_cloud_run_v2_job",
      "name": "anp_vendas_b100_job",
      "provider": "provider[\"registry.terraform.io/hashicorp/google\"]",
      "instances": [
        {
          "schema_version": 0,
          "attributes": {
            "annotations": null,
            "binary_authorization": [],
            "client": "",
            "client_version": "",
            "conditions": [],
            "create_time": "2025-07-22T16:57:36.259310Z",
            "creator": "danielbessa01@gmail.com",
            "delete_time": "",
            "deletion_protection": true,
            "effective_annotations": {},
            "effective_labels": {
              "goog-terraform-provisioned": "true"
            },
            "etag": "\"CICG_8MGELCD03s/cHJvamVjdHMvbGFicy12aWJyYS1maW5hbC9sb2NhdGlvbnMvdXMtY2VudHJhbDEvam9icy9jci1qdXJpZGljby1ldGwtdmVuZGEtYjEwMC1kZXY\"",
            "execution_count": 0,
            "expire_time": "",
            "generation": "1",
            "id": "projects/labs-vibra-final/locations/us-central1/jobs/cr-juridico-etl-venda-b100-dev",
            "labels": null,
            "last_modifier": "danielbessa01@gmail.com",
            "latest_created_execution": [],
            "launch_stage": "GA",
            "location": "us-central1",
            "name": "cr-juridico-etl-venda-b100-dev",
            "observed_generation": "1",
            "project": "labs-vibra-final",
            "reconciling": false,
            "template": [
              {
                "annotations": null,
                "labels": null,
                "parallelism": 0,
                "task_count": 1,
                "template": [
                  {
                    "containers": [
                      {
                        "args": null,
                        "command": null,
                        "depends_on": null,
                        "env": [
                          {
                            "name": "NOTEBOOK_TO_BE_EXECUTED",
                            "value": "gs://vibra-dtan-juridico-anp-input/notebooks/rw_ext_anp_b100_sales.ipynb",
                            "value_source": []
                          }
                        ],
                        "image": "us-central1-docker.pkg.dev/labs-vibra-final/ar-juridico-process-notebooks/run-notebook-api:latest",
                        "name": "",
                        "ports": [],
                        "resources": [
                          {
                            "limits": {
                              "cpu": "2",
                              "memory": "1024Mi"
                            }
                          }
                        ],
                        "startup_probe": [],
                        "volume_mounts": [],
                        "working_dir": ""
                      }
                    ],
                    "encryption_key": "",
                    "execution_environment": "EXECUTION_ENVIRONMENT_GEN2",
                    "max_retries": 3,
                    "service_account": "gcp-agent@labs-vibra-final.iam.gserviceaccount.com",
                    "timeout": "600s",
                    "volumes": [],
                    "vpc_access": []
                  }
                ]
              }
            ],
            "terminal_condition": [
              {
                "execution_reason": "",
                "last_transition_time": "2025-07-22T16:57:36.775470Z",
                "message": "",
                "reason": "",
                "revision_reason": "",
                "severity": "",
                "state": "CONDITION_SUCCEEDED",
                "type": "Ready"
              }
            ],
            "terraform_labels": {
              "goog-terraform-provisioned": "true"
            },
            "timeouts": null,
            "uid": "f4f95be7-3f88-4bc6-9c54-ace911054bd8",
            "update_time": "2025-07-22T16:57:36.259310Z"
          },
          "sensitive_attributes": [],
          "private": "eyJlMmJmYjczMC1lY2FhLTExZTYtOGY4OC0zNDM2M2JjN2M0YzAiOnsiY3JlYXRlIjoxMjAwMDAwMDAwMDAwLCJkZWxldGUiOjEyMDAwMDAwMDAwMDAsInVwZGF0ZSI6MTIwMDAwMDAwMDAwMH19",
          "dependencies": [
            "google_artifact_registry_repository.anp_repo_etl",
            "google_storage_bucket.anp_bucket_etl"
          ]
        }
      ]
    },
    {
      "mode": "managed",
      "type": "google_cloud_run_v2_job",
      "name": "anp_vendas_congeneres",
      "provider": "provider[\"registry.terraform.io/hashicorp/google\"]",
      "instances": [
        {
          "schema_version": 0,
          "attributes": {
            "annotations": null,
            "binary_authorization": [],
            "client": "",
            "client_version": "",
            "conditions": [],
            "create_time": "2025-07-22T16:57:36.300735Z",
            "creator": "danielbessa01@gmail.com",
            "delete_time": "",
            "deletion_protection": true,
            "effective_annotations": {},
            "effective_labels": {
              "goog-terraform-provisioned": "true"
            },
            "etag": "\"CICG_8MGEJi0s48B/cHJvamVjdHMvbGFicy12aWJyYS1maW5hbC9sb2NhdGlvbnMvdXMtY2VudHJhbDEvam9icy9jci1qdXJpZGljby1ldGwtdmVuZGEtY29uZ2VuZXJlcy1kZXY\"",
            "execution_count": 0,
            "expire_time": "",
            "generation": "1",
            "id": "projects/labs-vibra-final/locations/us-central1/jobs/cr-juridico-etl-venda-congeneres-dev",
            "labels": null,
            "last_modifier": "danielbessa01@gmail.com",
            "latest_created_execution": [],
            "launch_stage": "GA",
            "location": "us-central1",
            "name": "cr-juridico-etl-venda-congeneres-dev",
            "observed_generation": "1",
            "project": "labs-vibra-final",
            "reconciling": false,
            "template": [
              {
                "annotations": null,
                "labels": null,
                "parallelism": 0,
                "task_count": 1,
                "template": [
                  {
                    "containers": [
                      {
                        "args": null,
                        "command": null,
                        "depends_on": null,
                        "env": [
                          {
                            "name": "NOTEBOOK_TO_BE_EXECUTED",
                            "value": "gs://vibra-dtan-juridico-anp-input/notebooks/rw_ext_anp_congeneres_sales.ipynb",
                            "value_source": []
                          }
                        ],
                        "image": "us-central1-docker.pkg.dev/labs-vibra-final/ar-juridico-process-notebooks/run-notebook-api:latest",
                        "name": "",
                        "ports": [],
                        "resources": [
                          {
                            "limits": {
                              "cpu": "2",
                              "memory": "1024Mi"
                            }
                          }
                        ],
                        "startup_probe": [],
                        "volume_mounts": [],
                        "working_dir": ""
                      }
                    ],
                    "encryption_key": "",
                    "execution_environment": "EXECUTION_ENVIRONMENT_GEN2",
                    "max_retries": 3,
                    "service_account": "gcp-agent@labs-vibra-final.iam.gserviceaccount.com",
                    "timeout": "600s",
                    "volumes": [],
                    "vpc_access": []
                  }
                ]
              }
            ],
            "terminal_condition": [
              {
                "execution_reason": "",
                "last_transition_time": "2025-07-22T16:57:36.686127Z",
                "message": "",
                "reason": "",
                "revision_reason": "",
                "severity": "",
                "state": "CONDITION_SUCCEEDED",
                "type": "Ready"
              }
            ],
            "terraform_labels": {
              "goog-terraform-provisioned": "true"
            },
            "timeouts": null,
            "uid": "c1c0645f-9860-438e-8376-7a679d1358fe",
            "update_time": "2025-07-22T16:57:36.300735Z"
          },
          "sensitive_attributes": [],
          "private": "eyJlMmJmYjczMC1lY2FhLTExZTYtOGY4OC0zNDM2M2JjN2M0YzAiOnsiY3JlYXRlIjoxMjAwMDAwMDAwMDAwLCJkZWxldGUiOjEyMDAwMDAwMDAwMDAsInVwZGF0ZSI6MTIwMDAwMDAwMDAwMH19",
          "dependencies": [
            "google_artifact_registry_repository.anp_repo_etl",
            "google_storage_bucket.anp_bucket_etl"
          ]
        }
      ]
    },
    {
      "mode": "managed",
      "type": "google_cloud_run_v2_job",
      "name": "anp_vendas_total_job",
      "provider": "provider[\"registry.terraform.io/hashicorp/google\"]",
      "instances": [
        {
          "schema_version": 0,
          "attributes": {
            "annotations": null,
            "binary_authorization": [],
            "client": "",
            "client_version": "",
            "conditions": [],
            "create_time": "2025-07-22T16:57:36.264065Z",
            "creator": "danielbessa01@gmail.com",
            "delete_time": "",
            "deletion_protection": true,
            "effective_annotations": {},
            "effective_labels": {
              "goog-terraform-provisioned": "true"
            },
            "etag": "\"CICG_8MGEOif9X0/cHJvamVjdHMvbGFicy12aWJyYS1maW5hbC9sb2NhdGlvbnMvdXMtY2VudHJhbDEvam9icy9jci1qdXJpZGljby1ldGwtdmVuZGEtdG90YWwtZGV2\"",
            "execution_count": 0,
            "expire_time": "",
            "generation": "1",
            "id": "projects/labs-vibra-final/locations/us-central1/jobs/cr-juridico-etl-venda-total-dev",
            "labels": null,
            "last_modifier": "danielbessa01@gmail.com",
            "latest_created_execution": [],
            "launch_stage": "GA",
            "location": "us-central1",
            "name": "cr-juridico-etl-venda-total-dev",
            "observed_generation": "1",
            "project": "labs-vibra-final",
            "reconciling": false,
            "template": [
              {
                "annotations": null,
                "labels": null,
                "parallelism": 0,
                "task_count": 1,
                "template": [
                  {
                    "containers": [
                      {
                        "args": null,
                        "command": null,
                        "depends_on": null,
                        "env": [
                          {
                            "name": "NOTEBOOK_TO_BE_EXECUTED",
                            "value": "gs://vibra-dtan-juridico-anp-input/notebooks/rw_ext_anp_total_sales.ipynb",
                            "value_source": []
                          }
                        ],
                        "image": "us-central1-docker.pkg.dev/labs-vibra-final/ar-juridico-process-notebooks/run-notebook-api:latest",
                        "name": "",
                        "ports": [],
                        "resources": [
                          {
                            "limits": {
                              "cpu": "2",
                              "memory": "1024Mi"
                            }
                          }
                        ],
                        "startup_probe": [],
                        "volume_mounts": [],
                        "working_dir": ""
                      }
                    ],
                    "encryption_key": "",
                    "execution_environment": "EXECUTION_ENVIRONMENT_GEN2",
                    "max_retries": 3,
                    "service_account": "gcp-agent@labs-vibra-final.iam.gserviceaccount.com",
                    "timeout": "600s",
                    "volumes": [],
                    "vpc_access": []
                  }
                ]
              }
            ],
            "terminal_condition": [
              {
                "execution_reason": "",
                "last_transition_time": "2025-07-22T16:57:36.648693Z",
                "message": "",
                "reason": "",
                "revision_reason": "",
                "severity": "",
                "state": "CONDITION_SUCCEEDED",
                "type": "Ready"
              }
            ],
            "terraform_labels": {
              "goog-terraform-provisioned": "true"
            },
            "timeouts": null,
            "uid": "03f5b1a8-251c-4c18-8311-9cce89e35436",
            "update_time": "2025-07-22T16:57:36.264065Z"
          },
          "sensitive_attributes": [],
          "private": "eyJlMmJmYjczMC1lY2FhLTExZTYtOGY4OC0zNDM2M2JjN2M0YzAiOnsiY3JlYXRlIjoxMjAwMDAwMDAwMDAwLCJkZWxldGUiOjEyMDAwMDAwMDAwMDAsInVwZGF0ZSI6MTIwMDAwMDAwMDAwMH19",
          "dependencies": [
            "google_artifact_registry_repository.anp_repo_etl",
            "google_storage_bucket.anp_bucket_etl"
          ]
        }
      ]
    },
    {
      "mode": "managed",
      "type": "google_composer_environment",
      "name": "anp_composer",
      "provider": "provider[\"registry.terraform.io/hashicorp/google\"]",
      "instances": [
        {
          "schema_version": 0,
          "attributes": {
            "config": [
              {
                "airflow_uri": "https://aa47f30e401d410dafd96536ff4f5325-dot-us-central1.composer.googleusercontent.com",
                "dag_gcs_prefix": "gs://us-central1-composer-jur-an-bcdb9f8d-bucket/dags",
                "data_retention_config": [
                  {
                    "airflow_metadata_retention_config": [
                      {
                        "retention_days": 60,
                        "retention_mode": "RETENTION_MODE_ENABLED"
                      }
                    ],
                    "task_logs_retention_config": []
                  }
                ],
                "database_config": [],
                "enable_private_builds_only": false,
                "enable_private_environment": false,
                "encryption_config": [
                  {
                    "kms_key_name": ""
                  }
                ],
                "environment_size": "ENVIRONMENT_SIZE_SMALL",
                "gke_cluster": "",
                "maintenance_window": [],
                "master_authorized_networks_config": [],
                "node_config": [
                  {
                    "composer_internal_ipv4_cidr_block": "100.64.128.0/20",
                    "composer_network_attachment": "",
                    "disk_size_gb": 0,
                    "enable_ip_masq_agent": false,
                    "ip_allocation_policy": [
                      {
                        "cluster_ipv4_cidr_block": "",
                        "cluster_secondary_range_name": "",
                        "services_ipv4_cidr_block": "",
                        "services_secondary_range_name": "",
                        "use_ip_aliases": false
                      }
                    ],
                    "machine_type": "",
                    "network": "",
                    "oauth_scopes": [],
                    "service_account": "gcp-agent@labs-vibra-final.iam.gserviceaccount.com",
                    "subnetwork": "",
                    "tags": null,
                    "zone": ""
                  }
                ],
                "node_count": 0,
                "private_environment_config": [],
                "recovery_config": [],
                "resilience_mode": "STANDARD_RESILIENCE",
                "software_config": [
                  {
                    "airflow_config_overrides": null,
                    "cloud_data_lineage_integration": [
                      {
                        "enabled": false
                      }
                    ],
                    "env_variables": null,
                    "image_version": "composer-3-airflow-2.10.5-build.9",
                    "pypi_packages": {
                      "apache-airflow-providers-google": ""
                    },
                    "python_version": "",
                    "scheduler_count": 0,
                    "web_server_plugins_mode": "ENABLED"
                  }
                ],
                "web_server_config": [],
                "web_server_network_access_control": [
                  {
                    "allowed_ip_range": [
                      {
                        "description": "Allows access from all IPv4 addresses (default value)",
                        "value": "0.0.0.0/0"
                      },
                      {
                        "description": "Allows access from all IPv6 addresses (default value)",
                        "value": "::0/0"
                      }
                    ]
                  }
                ],
                "workloads_config": [
                  {
                    "dag_processor": [
                      {
                        "count": 1,
                        "cpu": 1,
                        "memory_gb": 4,
                        "storage_gb": 1
                      }
                    ],
                    "scheduler": [
                      {
                        "count": 1,
                        "cpu": 0.5,
                        "memory_gb": 2,
                        "storage_gb": 1
                      }
                    ],
                    "triggerer": [
                      {
                        "count": 1,
                        "cpu": 0.5,
                        "memory_gb": 1
                      }
                    ],
                    "web_server": [
                      {
                        "cpu": 1,
                        "memory_gb": 4,
                        "storage_gb": 1
                      }
                    ],
                    "worker": [
                      {
                        "cpu": 0.5,
                        "max_count": 3,
                        "memory_gb": 2,
                        "min_count": 1,
                        "storage_gb": 10
                      }
                    ]
                  }
                ]
              }
            ],
            "effective_labels": {
              "goog-terraform-provisioned": "true"
            },
            "id": "projects/labs-vibra-final/locations/us-central1/environments/composer-jur-anp-dev",
            "labels": null,
            "name": "composer-jur-anp-dev",
            "project": "labs-vibra-final",
            "region": "us-central1",
            "storage_config": [
              {
                "bucket": "us-central1-composer-jur-an-bcdb9f8d-bucket"
              }
            ],
            "terraform_labels": {
              "goog-terraform-provisioned": "true"
            },
            "timeouts": null
          },
          "sensitive_attributes": [],
          "private": "eyJlMmJmYjczMC1lY2FhLTExZTYtOGY4OC0zNDM2M2JjN2M0YzAiOnsiY3JlYXRlIjo3MjAwMDAwMDAwMDAwLCJkZWxldGUiOjE4MDAwMDAwMDAwMDAsInVwZGF0ZSI6NzIwMDAwMDAwMDAwMH19",
          "dependencies": [
            "google_artifact_registry_repository.anp_repo_etl",
            "google_cloud_run_v2_job.anp_agentes_regulados_simp",
            "google_cloud_run_v2_job.anp_grupos_empresariais",
            "google_cloud_run_v2_job.anp_vendas_b100_job",
            "google_cloud_run_v2_job.anp_vendas_congeneres",
            "google_cloud_run_v2_job.anp_vendas_total_job",
            "google_storage_bucket.anp_bucket_etl"
          ]
        }
      ]
    },
    {
      "mode": "managed",
      "type": "google_storage_bucket",
      "name": "anp_bucket_etl",
      "provider": "provider[\"registry.terraform.io/hashicorp/google\"]",
      "instances": [
        {
          "schema_version": 3,
          "attributes": {
            "autoclass": [],
            "cors": [],
            "custom_placement_config": [],
            "default_event_based_hold": false,
            "effective_labels": {
              "goog-terraform-provisioned": "true"
            },
            "enable_object_retention": false,
            "encryption": [],
            "force_destroy": false,
            "hierarchical_namespace": [
              {
                "enabled": false
              }
            ],
            "id": "vibra-dtan-juridico-anp-input",
            "ip_filter": [],
            "labels": {},
            "lifecycle_rule": [],
            "location": "US-CENTRAL1",
            "logging": [],
            "name": "vibra-dtan-juridico-anp-input",
            "project": "labs-vibra-final",
            "project_number": 1074565819155,
            "public_access_prevention": "inherited",
            "requester_pays": false,
            "retention_policy": [],
            "rpo": null,
            "self_link": "https://www.googleapis.com/storage/v1/b/vibra-dtan-juridico-anp-input",
            "soft_delete_policy": [
              {
                "effective_time": "2025-07-22T16:52:43.480Z",
                "retention_duration_seconds": 604800
              }
            ],
            "storage_class": "STANDARD",
            "terraform_labels": {
              "goog-terraform-provisioned": "true"
            },
            "time_created": "2025-07-22T16:52:43.480Z",
            "timeouts": null,
            "uniform_bucket_level_access": false,
            "updated": "2025-07-22T16:52:43.480Z",
            "url": "gs://vibra-dtan-juridico-anp-input",
            "versioning": [],
            "website": []
          },
          "sensitive_attributes": [],
          "private": "eyJlMmJmYjczMC1lY2FhLTExZTYtOGY4OC0zNDM2M2JjN2M0YzAiOnsiY3JlYXRlIjo2MDAwMDAwMDAwMDAsInJlYWQiOjI0MDAwMDAwMDAwMCwidXBkYXRlIjoyNDAwMDAwMDAwMDB9LCJzY2hlbWFfdmVyc2lvbiI6IjMifQ=="
        }
      ]
    }
  ],
  "check_results": null
}
