{
  "version": 4,
  "terraform_version": "1.12.2",
  "serial": 32,
  "lineage": "4001914c-130e-3e06-82c0-0fb3828f24d2",
  "outputs": {},
  "resources": [
    {
      "mode": "managed",
      "type": "google_artifact_registry_repository",
      "name": "anp_repo_etl",
      "provider": "provider[\"registry.terraform.io/hashicorp/google\"]",
      "instances": [
        {
          "schema_version": 0,
          "attributes": {
            "cleanup_policies": [],
            "cleanup_policy_dry_run": false,
            "create_time": "2025-07-22T16:46:35.706107Z",
            "description": "Repositório de artefatos para o projeto ANP",
            "docker_config": [],
            "effective_labels": {
              "goog-terraform-provisioned": "true"
            },
            "format": "DOCKER",
            "id": "projects/labs-vibra-final/locations/us-central1/repositories/ar-juridico-process-notebooks",
            "kms_key_name": "",
            "labels": {},
            "location": "us-central1",
            "maven_config": [],
            "mode": "STANDARD_REPOSITORY",
            "name": "ar-juridico-process-notebooks",
            "project": "labs-vibra-final",
            "remote_repository_config": [],
            "repository_id": "ar-juridico-process-notebooks",
            "terraform_labels": {
              "goog-terraform-provisioned": "true"
            },
            "timeouts": null,
            "update_time": "2025-07-22T16:57:22.853425Z",
            "virtual_repository_config": [],
            "vulnerability_scanning_config": [
              {
                "enablement_config": "",
                "enablement_state": "SCANNING_DISABLED",
                "enablement_state_reason": "API containerscanning.googleapis.com is not enabled."
              }
            ]
          },
          "sensitive_attributes": [],
          "identity_schema_version": 0,
          "private": "eyJlMmJmYjczMC1lY2FhLTExZTYtOGY4OC0zNDM2M2JjN2M0YzAiOnsiY3JlYXRlIjoxMjAwMDAwMDAwMDAwLCJkZWxldGUiOjEyMDAwMDAwMDAwMDAsInVwZGF0ZSI6MTIwMDAwMDAwMDAwMH19"
        }
      ]
    },
    {
      "mode": "managed",
      "type": "google_cloud_run_v2_job",
      "name": "anp_agentes_regulados_simp",
      "provider": "provider[\"registry.terraform.io/hashicorp/google\"]",
      "instances": [
        {
          "schema_version": 0,
          "attributes": {
            "annotations": {},
            "binary_authorization": [],
            "client": "",
            "client_version": "",
            "conditions": [],
            "create_time": "2025-07-16T22:15:49.913919Z",
            "creator": "gcp-agent@labs-vibra-final.iam.gserviceaccount.com",
            "delete_time": "",
            "deletion_protection": true,
            "effective_annotations": {},
            "effective_labels": {
              "goog-terraform-provisioned": "true"
            },
            "etag": "\"CLa55cMGEOCBv4gD/cHJvamVjdHMvbGFicy12aWJyYS1maW5hbC9sb2NhdGlvbnMvdXMtY2VudHJhbDEvam9icy9jci1qdXJpZGljby1ldGwtYWdlbnRlcy1yZWd1bGFkb3Mtc2ltcC1kZXY\"",
            "execution_count": 1,
            "expire_time": "",
            "generation": "3",
            "id": "projects/labs-vibra-final/locations/us-central1/jobs/cr-juridico-etl-agentes-regulados-simp-dev",
            "labels": {},
            "last_modifier": "gcp-agent@labs-vibra-final.iam.gserviceaccount.com",
            "latest_created_execution": [
              {
                "completion_time": "2025-07-16T22:45:46.296034Z",
                "create_time": "2025-07-16T22:41:34.586710Z",
                "name": "cr-juridico-etl-agentes-regulados-simp-dev-g8rcb"
              }
            ],
            "launch_stage": "GA",
            "location": "us-central1",
            "name": "cr-juridico-etl-agentes-regulados-simp-dev",
            "observed_generation": "3",
            "project": "labs-vibra-final",
            "reconciling": false,
            "template": [
              {
                "annotations": {},
                "labels": {},
                "parallelism": 0,
                "task_count": 1,
                "template": [
                  {
                    "containers": [
                      {
                        "args": [],
                        "command": [],
                        "depends_on": [],
                        "env": [
                          {
                            "name": "NOTEBOOK_TO_BE_EXECUTED",
                            "value": "gs://vibra-dtan-juridico-anp-input/notebooks/rw_ext_anp_dados_agentes.ipynb",
                            "value_source": []
                          }
                        ],
                        "image": "us-central1-docker.pkg.dev/labs-vibra-final/ar-juridico-process-notebooks/run-notebook-api:latest",
                        "name": "",
                        "ports": [],
                        "resources": [
                          {
                            "limits": {
                              "cpu": "2",
                              "memory": "1024Mi"
                            }
                          }
                        ],
                        "startup_probe": [],
                        "volume_mounts": [],
                        "working_dir": ""
                      }
                    ],
                    "encryption_key": "",
                    "execution_environment": "EXECUTION_ENVIRONMENT_GEN2",
                    "max_retries": 3,
                    "service_account": "gcp-agent@labs-vibra-final.iam.gserviceaccount.com",
                    "timeout": "600s",
                    "volumes": [],
                    "vpc_access": []
                  }
                ]
              }
            ],
            "terminal_condition": [
              {
                "execution_reason": "",
                "last_transition_time": "2025-07-16T22:15:50.397993Z",
                "message": "",
                "reason": "",
                "revision_reason": "",
                "severity": "",
                "state": "CONDITION_SUCCEEDED",
                "type": "Ready"
              }
            ],
            "terraform_labels": {
              "goog-terraform-provisioned": "true"
            },
            "timeouts": null,
            "uid": "dfff950c-1d72-4c64-80d9-484aa979b87e",
            "update_time": "2025-07-17T20:27:34.823116Z"
          },
          "sensitive_attributes": [],
          "identity_schema_version": 0,
          "private": "eyJlMmJmYjczMC1lY2FhLTExZTYtOGY4OC0zNDM2M2JjN2M0YzAiOnsiY3JlYXRlIjoxMjAwMDAwMDAwMDAwLCJkZWxldGUiOjEyMDAwMDAwMDAwMDAsInVwZGF0ZSI6MTIwMDAwMDAwMDAwMH19",
          "dependencies": [
            "google_artifact_registry_repository.anp_repo_etl",
            "google_storage_bucket.anp_bucket_etl"
          ]
        }
      ]
    },
    {
      "mode": "managed",
      "type": "google_cloud_run_v2_job",
      "name": "anp_grupos_empresariais",
      "provider": "provider[\"registry.terraform.io/hashicorp/google\"]",
      "instances": [
        {
          "schema_version": 0,
          "attributes": {
            "annotations": {},
            "binary_authorization": [],
            "client": "",
            "client_version": "",
            "conditions": [],
            "create_time": "2025-07-16T22:15:49.933366Z",
            "creator": "gcp-agent@labs-vibra-final.iam.gserviceaccount.com",
            "delete_time": "",
            "deletion_protection": true,
            "effective_annotations": {},
            "effective_labels": {
              "goog-terraform-provisioned": "true"
            },
            "etag": "\"CO2M5cMGEIDBockC/cHJvamVjdHMvbGFicy12aWJyYS1maW5hbC9sb2NhdGlvbnMvdXMtY2VudHJhbDEvam9icy9jci1qdXJpZGljby1wcm9jZXNzLWdydXBvcy1lbXByZXNhcmlhaXMtZGV2\"",
            "execution_count": 1,
            "expire_time": "",
            "generation": "2",
            "id": "projects/labs-vibra-final/locations/us-central1/jobs/cr-juridico-process-grupos-empresariais-dev",
            "labels": {},
            "last_modifier": "gcp-agent@labs-vibra-final.iam.gserviceaccount.com",
            "latest_created_execution": [
              {
                "completion_time": "2025-07-16T22:46:24.271451Z",
                "create_time": "2025-07-16T22:41:52.296415Z",
                "name": "cr-juridico-process-grupos-empresariais-dev-ms4ts"
              }
            ],
            "launch_stage": "GA",
            "location": "us-central1",
            "name": "cr-juridico-process-grupos-empresariais-dev",
            "observed_generation": "2",
            "project": "labs-vibra-final",
            "reconciling": false,
            "template": [
              {
                "annotations": {},
                "labels": {},
                "parallelism": 0,
                "task_count": 1,
                "template": [
                  {
                    "containers": [
                      {
                        "args": [],
                        "command": [],
                        "depends_on": [],
                        "env": [
                          {
                            "name": "NOTEBOOK_TO_BE_EXECUTED",
                            "value": "gs://vibra-dtan-juridico-anp-input/notebooks/rf_ext_anp_empresarial_groups.ipynb",
                            "value_source": []
                          }
                        ],
                        "image": "us-central1-docker.pkg.dev/labs-vibra-final/ar-juridico-process-notebooks/run-notebook-api:latest",
                        "name": "",
                        "ports": [],
                        "resources": [
                          {
                            "limits": {
                              "cpu": "2",
                              "memory": "1024Mi"
                            }
                          }
                        ],
                        "startup_probe": [],
                        "volume_mounts": [],
                        "working_dir": ""
                      }
                    ],
                    "encryption_key": "",
                    "execution_environment": "EXECUTION_ENVIRONMENT_GEN2",
                    "max_retries": 3,
                    "service_account": "gcp-agent@labs-vibra-final.iam.gserviceaccount.com",
                    "timeout": "600s",
                    "volumes": [],
                    "vpc_access": []
                  }
                ]
              }
            ],
            "terminal_condition": [
              {
                "execution_reason": "",
                "last_transition_time": "2025-07-16T22:15:50.336721Z",
                "message": "",
                "reason": "",
                "revision_reason": "",
                "severity": "",
                "state": "CONDITION_SUCCEEDED",
                "type": "Ready"
              }
            ],
            "terraform_labels": {
              "goog-terraform-provisioned": "true"
            },
            "timeouts": null,
            "uid": "32ca35ba-8609-4485-b7a5-185a6f0aeccc",
            "update_time": "2025-07-17T18:52:29.690512Z"
          },
          "sensitive_attributes": [],
          "identity_schema_version": 0,
          "private": "eyJlMmJmYjczMC1lY2FhLTExZTYtOGY4OC0zNDM2M2JjN2M0YzAiOnsiY3JlYXRlIjoxMjAwMDAwMDAwMDAwLCJkZWxldGUiOjEyMDAwMDAwMDAwMDAsInVwZGF0ZSI6MTIwMDAwMDAwMDAwMH19",
          "dependencies": [
            "google_artifact_registry_repository.anp_repo_etl",
            "google_storage_bucket.anp_bucket_etl"
          ]
        }
      ]
    },
    {
      "mode": "managed",
      "type": "google_cloud_run_v2_job",
      "name": "anp_vendas_b100_job",
      "provider": "provider[\"registry.terraform.io/hashicorp/google\"]",
      "instances": [
        {
          "schema_version": 0,
          "attributes": {
            "annotations": {},
            "binary_authorization": [],
            "client": "",
            "client_version": "",
            "conditions": [],
            "create_time": "2025-07-16T22:15:49.901195Z",
            "creator": "gcp-agent@labs-vibra-final.iam.gserviceaccount.com",
            "delete_time": "",
            "deletion_protection": true,
            "effective_annotations": {},
            "effective_labels": {
              "goog-terraform-provisioned": "true"
            },
            "etag": "\"CJXJ4MMGEPjJ3K0D/cHJvamVjdHMvbGFicy12aWJyYS1maW5hbC9sb2NhdGlvbnMvdXMtY2VudHJhbDEvam9icy9jci1qdXJpZGljby1ldGwtdmVuZGEtYjEwMC1kZXY\"",
            "execution_count": 2,
            "expire_time": "",
            "generation": "1",
            "id": "projects/labs-vibra-final/locations/us-central1/jobs/cr-juridico-etl-venda-b100-dev",
            "labels": {},
            "last_modifier": "gcp-agent@labs-vibra-final.iam.gserviceaccount.com",
            "latest_created_execution": [
              {
                "completion_time": "2025-07-16T22:39:28.144737Z",
                "create_time": "2025-07-16T22:38:02.683944Z",
                "name": "cr-juridico-etl-venda-b100-dev-d2khm"
              }
            ],
            "launch_stage": "GA",
            "location": "us-central1",
            "name": "cr-juridico-etl-venda-b100-dev",
            "observed_generation": "1",
            "project": "labs-vibra-final",
            "reconciling": false,
            "template": [
              {
                "annotations": {},
                "labels": {},
                "parallelism": 0,
                "task_count": 1,
                "template": [
                  {
                    "containers": [
                      {
                        "args": [],
                        "command": [],
                        "depends_on": [],
                        "env": [
                          {
                            "name": "NOTEBOOK_TO_BE_EXECUTED",
                            "value": "gs://vibra-dtan-juridico-anp-input/notebooks/rw_ext_anp_b100_sales.ipynb",
                            "value_source": []
                          }
                        ],
                        "image": "us-central1-docker.pkg.dev/labs-vibra-final/ar-juridico-process-notebooks/run-notebook-api:latest",
                        "name": "",
                        "ports": [],
                        "resources": [
                          {
                            "limits": {
                              "cpu": "2",
                              "memory": "1024Mi"
                            }
                          }
                        ],
                        "startup_probe": [],
                        "volume_mounts": [],
                        "working_dir": ""
                      }
                    ],
                    "encryption_key": "",
                    "execution_environment": "EXECUTION_ENVIRONMENT_GEN2",
                    "max_retries": 3,
                    "service_account": "gcp-agent@labs-vibra-final.iam.gserviceaccount.com",
                    "timeout": "600s",
                    "volumes": [],
                    "vpc_access": []
                  }
                ]
              }
            ],
            "terminal_condition": [
              {
                "execution_reason": "",
                "last_transition_time": "2025-07-16T22:15:50.295130Z",
                "message": "",
                "reason": "",
                "revision_reason": "",
                "severity": "",
                "state": "CONDITION_SUCCEEDED",
                "type": "Ready"
              }
            ],
            "terraform_labels": {
              "goog-terraform-provisioned": "true"
            },
            "timeouts": null,
            "uid": "69ff0b34-da41-4542-a9ed-4291b2a1b66c",
            "update_time": "2025-07-16T22:15:49.901195Z"
          },
          "sensitive_attributes": [],
          "identity_schema_version": 0,
          "private": "eyJlMmJmYjczMC1lY2FhLTExZTYtOGY4OC0zNDM2M2JjN2M0YzAiOnsiY3JlYXRlIjoxMjAwMDAwMDAwMDAwLCJkZWxldGUiOjEyMDAwMDAwMDAwMDAsInVwZGF0ZSI6MTIwMDAwMDAwMDAwMH19",
          "dependencies": [
            "google_artifact_registry_repository.anp_repo_etl",
            "google_storage_bucket.anp_bucket_etl"
          ]
        }
      ]
    },
    {
      "mode": "managed",
      "type": "google_cloud_run_v2_job",
      "name": "anp_vendas_congeneres",
      "provider": "provider[\"registry.terraform.io/hashicorp/google\"]",
      "instances": [
        {
          "schema_version": 0,
          "attributes": {
            "annotations": {},
            "binary_authorization": [],
            "client": "",
            "client_version": "",
            "conditions": [],
            "create_time": "2025-07-16T22:15:49.921894Z",
            "creator": "gcp-agent@labs-vibra-final.iam.gserviceaccount.com",
            "delete_time": "",
            "deletion_protection": true,
            "effective_annotations": {},
            "effective_labels": {
              "goog-terraform-provisioned": "true"
            },
            "etag": "\"CO2M5cMGEODips4C/cHJvamVjdHMvbGFicy12aWJyYS1maW5hbC9sb2NhdGlvbnMvdXMtY2VudHJhbDEvam9icy9jci1qdXJpZGljby1ldGwtdmVuZGEtY29uZ2VuZXJlcy1kZXY\"",
            "execution_count": 1,
            "expire_time": "",
            "generation": "2",
            "id": "projects/labs-vibra-final/locations/us-central1/jobs/cr-juridico-etl-venda-congeneres-dev",
            "labels": {},
            "last_modifier": "gcp-agent@labs-vibra-final.iam.gserviceaccount.com",
            "latest_created_execution": [
              {
                "completion_time": "2025-07-16T22:43:18.091452Z",
                "create_time": "2025-07-16T22:41:41.049535Z",
                "name": "cr-juridico-etl-venda-congeneres-dev-m245p"
              }
            ],
            "launch_stage": "GA",
            "location": "us-central1",
            "name": "cr-juridico-etl-venda-congeneres-dev",
            "observed_generation": "2",
            "project": "labs-vibra-final",
            "reconciling": false,
            "template": [
              {
                "annotations": {},
                "labels": {},
                "parallelism": 0,
                "task_count": 1,
                "template": [
                  {
                    "containers": [
                      {
                        "args": [],
                        "command": [],
                        "depends_on": [],
                        "env": [
                          {
                            "name": "NOTEBOOK_TO_BE_EXECUTED",
                            "value": "gs://vibra-dtan-juridico-anp-input/notebooks/rw_ext_anp_congeneres_sales.ipynb",
                            "value_source": []
                          }
                        ],
                        "image": "us-central1-docker.pkg.dev/labs-vibra-final/ar-juridico-process-notebooks/run-notebook-api:latest",
                        "name": "",
                        "ports": [],
                        "resources": [
                          {
                            "limits": {
                              "cpu": "2",
                              "memory": "1024Mi"
                            }
                          }
                        ],
                        "startup_probe": [],
                        "volume_mounts": [],
                        "working_dir": ""
                      }
                    ],
                    "encryption_key": "",
                    "execution_environment": "EXECUTION_ENVIRONMENT_GEN2",
                    "max_retries": 3,
                    "service_account": "gcp-agent@labs-vibra-final.iam.gserviceaccount.com",
                    "timeout": "600s",
                    "volumes": [],
                    "vpc_access": []
                  }
                ]
              }
            ],
            "terminal_condition": [
              {
                "execution_reason": "",
                "last_transition_time": "2025-07-16T22:15:50.366651Z",
                "message": "",
                "reason": "",
                "revision_reason": "",
                "severity": "",
                "state": "CONDITION_SUCCEEDED",
                "type": "Ready"
              }
            ],
            "terraform_labels": {
              "goog-terraform-provisioned": "true"
            },
            "timeouts": null,
            "uid": "14b58a56-ffad-4854-9a71-fb0e5a6bbe98",
            "update_time": "2025-07-17T18:52:29.701084Z"
          },
          "sensitive_attributes": [],
          "identity_schema_version": 0,
          "private": "eyJlMmJmYjczMC1lY2FhLTExZTYtOGY4OC0zNDM2M2JjN2M0YzAiOnsiY3JlYXRlIjoxMjAwMDAwMDAwMDAwLCJkZWxldGUiOjEyMDAwMDAwMDAwMDAsInVwZGF0ZSI6MTIwMDAwMDAwMDAwMH19",
          "dependencies": [
            "google_artifact_registry_repository.anp_repo_etl",
            "google_storage_bucket.anp_bucket_etl"
          ]
        }
      ]
    },
    {
      "mode": "managed",
      "type": "google_cloud_run_v2_job",
      "name": "anp_vendas_total_job",
      "provider": "provider[\"registry.terraform.io/hashicorp/google\"]",
      "instances": [
        {
          "schema_version": 0,
          "attributes": {
            "annotations": {},
            "binary_authorization": [],
            "client": "",
            "client_version": "",
            "conditions": [],
            "create_time": "2025-07-16T22:15:49.921266Z",
            "creator": "gcp-agent@labs-vibra-final.iam.gserviceaccount.com",
            "delete_time": "",
            "deletion_protection": true,
            "effective_annotations": {},
            "effective_labels": {
              "goog-terraform-provisioned": "true"
            },
            "etag": "\"CO2M5cMGEJCt4toC/cHJvamVjdHMvbGFicy12aWJyYS1maW5hbC9sb2NhdGlvbnMvdXMtY2VudHJhbDEvam9icy9jci1qdXJpZGljby1ldGwtdmVuZGEtdG90YWwtZGV2\"",
            "execution_count": 1,
            "expire_time": "",
            "generation": "2",
            "id": "projects/labs-vibra-final/locations/us-central1/jobs/cr-juridico-etl-venda-total-dev",
            "labels": {},
            "last_modifier": "gcp-agent@labs-vibra-final.iam.gserviceaccount.com",
            "latest_created_execution": [
              {
                "completion_time": "2025-07-16T22:43:42.221143Z",
                "create_time": "2025-07-16T22:41:47.374625Z",
                "name": "cr-juridico-etl-venda-total-dev-sqpkv"
              }
            ],
            "launch_stage": "GA",
            "location": "us-central1",
            "name": "cr-juridico-etl-venda-total-dev",
            "observed_generation": "2",
            "project": "labs-vibra-final",
            "reconciling": false,
            "template": [
              {
                "annotations": {},
                "labels": {},
                "parallelism": 0,
                "task_count": 1,
                "template": [
                  {
                    "containers": [
                      {
                        "args": [],
                        "command": [],
                        "depends_on": [],
                        "env": [
                          {
                            "name": "NOTEBOOK_TO_BE_EXECUTED",
                            "value": "gs://vibra-dtan-juridico-anp-input/notebooks/rw_ext_anp_total_sales.ipynb",
                            "value_source": []
                          }
                        ],
                        "image": "us-central1-docker.pkg.dev/labs-vibra-final/ar-juridico-process-notebooks/run-notebook-api:latest",
                        "name": "",
                        "ports": [],
                        "resources": [
                          {
                            "limits": {
                              "cpu": "2",
                              "memory": "1024Mi"
                            }
                          }
                        ],
                        "startup_probe": [],
                        "volume_mounts": [],
                        "working_dir": ""
                      }
                    ],
                    "encryption_key": "",
                    "execution_environment": "EXECUTION_ENVIRONMENT_GEN2",
                    "max_retries": 3,
                    "service_account": "gcp-agent@labs-vibra-final.iam.gserviceaccount.com",
                    "timeout": "600s",
                    "volumes": [],
                    "vpc_access": []
                  }
                ]
              }
            ],
            "terminal_condition": [
              {
                "execution_reason": "",
                "last_transition_time": "2025-07-16T22:15:50.328311Z",
                "message": "",
                "reason": "",
                "revision_reason": "",
                "severity": "",
                "state": "CONDITION_SUCCEEDED",
                "type": "Ready"
              }
            ],
            "terraform_labels": {
              "goog-terraform-provisioned": "true"
            },
            "timeouts": null,
            "uid": "316c1d97-3f06-44b6-af98-f5308da830a8",
            "update_time": "2025-07-17T18:52:29.727226Z"
          },
          "sensitive_attributes": [],
          "identity_schema_version": 0,
          "private": "eyJlMmJmYjczMC1lY2FhLTExZTYtOGY4OC0zNDM2M2JjN2M0YzAiOnsiY3JlYXRlIjoxMjAwMDAwMDAwMDAwLCJkZWxldGUiOjEyMDAwMDAwMDAwMDAsInVwZGF0ZSI6MTIwMDAwMDAwMDAwMH19",
          "dependencies": [
            "google_artifact_registry_repository.anp_repo_etl",
            "google_storage_bucket.anp_bucket_etl"
          ]
        }
      ]
    },
    {
      "mode": "managed",
      "type": "google_composer_environment",
      "name": "anp_composer",
      "provider": "provider[\"registry.terraform.io/hashicorp/google\"]",
      "instances": [
        {
          "schema_version": 0,
          "attributes": {
            "config": [
              {
                "airflow_uri": "https://244a5ef5a4e94127b8258d6640a00710-dot-us-central1.composer.googleusercontent.com",
                "dag_gcs_prefix": "gs://us-central1-composer-jur-an-176600af-bucket/dags",
                "data_retention_config": [
                  {
                    "airflow_metadata_retention_config": [
                      {
                        "retention_days": 60,
                        "retention_mode": "RETENTION_MODE_ENABLED"
                      }
                    ],
                    "task_logs_retention_config": []
                  }
                ],
                "database_config": [],
                "enable_private_builds_only": false,
                "enable_private_environment": false,
                "encryption_config": [
                  {
                    "kms_key_name": ""
                  }
                ],
                "environment_size": "ENVIRONMENT_SIZE_SMALL",
                "gke_cluster": "",
                "maintenance_window": [],
                "master_authorized_networks_config": [],
                "node_config": [
                  {
                    "composer_internal_ipv4_cidr_block": "100.64.128.0/20",
                    "composer_network_attachment": "",
                    "disk_size_gb": 0,
                    "enable_ip_masq_agent": false,
                    "ip_allocation_policy": [
                      {
                        "cluster_ipv4_cidr_block": "",
                        "cluster_secondary_range_name": "",
                        "services_ipv4_cidr_block": "",
                        "services_secondary_range_name": "",
                        "use_ip_aliases": false
                      }
                    ],
                    "machine_type": "",
                    "network": "",
                    "oauth_scopes": [],
                    "service_account": "gcp-agent@labs-vibra-final.iam.gserviceaccount.com",
                    "subnetwork": "",
                    "tags": [],
                    "zone": ""
                  }
                ],
                "node_count": 0,
                "private_environment_config": [],
                "recovery_config": [],
                "resilience_mode": "STANDARD_RESILIENCE",
                "software_config": [
                  {
                    "airflow_config_overrides": {},
                    "cloud_data_lineage_integration": [
                      {
                        "enabled": false
                      }
                    ],
                    "env_variables": {},
                    "image_version": "composer-3-airflow-2.10.5-build.9",
                    "pypi_packages": {
                      "apache-airflow-providers-google": ""
                    },
                    "python_version": "",
                    "scheduler_count": 0,
                    "web_server_plugins_mode": "ENABLED"
                  }
                ],
                "web_server_config": [],
                "web_server_network_access_control": [
                  {
                    "allowed_ip_range": [
                      {
                        "description": "Allows access from all IPv4 addresses (default value)",
                        "value": "0.0.0.0/0"
                      },
                      {
                        "description": "Allows access from all IPv6 addresses (default value)",
                        "value": "::0/0"
                      }
                    ]
                  }
                ],
                "workloads_config": [
                  {
                    "dag_processor": [
                      {
                        "count": 1,
                        "cpu": 1,
                        "memory_gb": 4,
                        "storage_gb": 1
                      }
                    ],
                    "scheduler": [
                      {
                        "count": 1,
                        "cpu": 0.5,
                        "memory_gb": 2,
                        "storage_gb": 1
                      }
                    ],
                    "triggerer": [
                      {
                        "count": 1,
                        "cpu": 0.5,
                        "memory_gb": 1
                      }
                    ],
                    "web_server": [
                      {
                        "cpu": 1,
                        "memory_gb": 4,
                        "storage_gb": 1
                      }
                    ],
                    "worker": [
                      {
                        "cpu": 0.5,
                        "max_count": 3,
                        "memory_gb": 2,
                        "min_count": 1,
                        "storage_gb": 10
                      }
                    ]
                  }
                ]
              }
            ],
            "effective_labels": {
              "goog-terraform-provisioned": "true"
            },
            "id": "projects/labs-vibra-final/locations/us-central1/environments/composer-jur-anp-dev",
            "labels": {},
            "name": "composer-jur-anp-dev",
            "project": "labs-vibra-final",
            "region": "us-central1",
            "storage_config": [
              {
                "bucket": "us-central1-composer-jur-an-176600af-bucket"
              }
            ],
            "terraform_labels": {
              "goog-terraform-provisioned": "true"
            },
            "timeouts": null
          },
          "sensitive_attributes": [],
          "identity_schema_version": 0,
          "private": "eyJlMmJmYjczMC1lY2FhLTExZTYtOGY4OC0zNDM2M2JjN2M0YzAiOnsiY3JlYXRlIjo3MjAwMDAwMDAwMDAwLCJkZWxldGUiOjE4MDAwMDAwMDAwMDAsInVwZGF0ZSI6NzIwMDAwMDAwMDAwMH19",
          "dependencies": [
            "google_artifact_registry_repository.anp_repo_etl",
            "google_cloud_run_v2_job.anp_agentes_regulados_simp",
            "google_cloud_run_v2_job.anp_grupos_empresariais",
            "google_cloud_run_v2_job.anp_vendas_b100_job",
            "google_cloud_run_v2_job.anp_vendas_congeneres",
            "google_cloud_run_v2_job.anp_vendas_total_job",
            "google_storage_bucket.anp_bucket_etl"
          ]
        }
      ]
    },
    {
      "mode": "managed",
      "type": "google_storage_bucket",
      "name": "anp_bucket_etl",
      "provider": "provider[\"registry.terraform.io/hashicorp/google\"]",
      "instances": [
        {
          "schema_version": 3,
          "attributes": {
            "autoclass": [],
            "cors": [],
            "custom_placement_config": [],
            "default_event_based_hold": false,
            "effective_labels": {
              "goog-terraform-provisioned": "true"
            },
            "enable_object_retention": false,
            "encryption": [],
            "force_destroy": false,
            "hierarchical_namespace": [
              {
                "enabled": false
              }
            ],
            "id": "vibra-dtan-juridico-anp-input",
            "ip_filter": [],
            "labels": {},
            "lifecycle_rule": [],
            "location": "US-CENTRAL1",
            "logging": [],
            "name": "vibra-dtan-juridico-anp-input",
            "project": "labs-vibra-final",
            "project_number": 1074565819155,
            "public_access_prevention": "inherited",
            "requester_pays": false,
            "retention_policy": [],
            "rpo": null,
            "self_link": "https://www.googleapis.com/storage/v1/b/vibra-dtan-juridico-anp-input",
            "soft_delete_policy": [
              {
                "effective_time": "2025-07-16T22:06:17.911Z",
                "retention_duration_seconds": 604800
              }
            ],
            "storage_class": "STANDARD",
            "terraform_labels": {
              "goog-terraform-provisioned": "true"
            },
            "time_created": "2025-07-16T22:06:17.911Z",
            "timeouts": null,
            "uniform_bucket_level_access": false,
            "updated": "2025-07-16T22:34:35.836Z",
            "url": "gs://vibra-dtan-juridico-anp-input",
            "versioning": [],
            "website": []
          },
          "sensitive_attributes": [],
          "identity_schema_version": 0,
          "private": "eyJlMmJmYjczMC1lY2FhLTExZTYtOGY4OC0zNDM2M2JjN2M0YzAiOnsiY3JlYXRlIjo2MDAwMDAwMDAwMDAsInJlYWQiOjI0MDAwMDAwMDAwMCwidXBkYXRlIjoyNDAwMDAwMDAwMDB9LCJzY2hlbWFfdmVyc2lvbiI6IjMifQ=="
        }
      ]
    }
  ],
  "check_results": null
}
